// !$*UTF8*$!
{
	archiveVersion = 1;
	classes = {
	};
	objectVersion = 55;
	objects = {

/* Begin PBXBuildFile section */
		AD7369CA28D78F5700EBE0F0 /* AnchorScrollViewApp.swift in Sources */ = {isa = PBXBuildFile; fileRef = AD7369BA28D78F5500EBE0F0 /* AnchorScrollViewApp.swift */; };
		AD7369CC28D78F5700EBE0F0 /* ContentView.swift in Sources */ = {isa = PBXBuildFile; fileRef = AD7369BB28D78F5500EBE0F0 /* ContentView.swift */; };
		AD7369CE28D78F5700EBE0F0 /* Assets.xcassets in Resources */ = {isa = PBXBuildFile; fileRef = AD7369BC28D78F5700EBE0F0 /* Assets.xcassets */; };
		AD7369D928D7E05B00EBE0F0 /* AnchorScrollViewContainerBuilder.swift in Sources */ = {isa = PBXBuildFile; fileRef = AD7369D828D7E05B00EBE0F0 /* AnchorScrollViewContainerBuilder.swift */; };
		AD7369DC28D7E0FD00EBE0F0 /* ScrollViewContainerBuilder.swift in Sources */ = {isa = PBXBuildFile; fileRef = AD7369DB28D7E0FD00EBE0F0 /* ScrollViewContainerBuilder.swift */; };
		AD7369DF28D7E19700EBE0F0 /* ViewOffsetsKey.swift in Sources */ = {isa = PBXBuildFile; fileRef = AD7369DE28D7E19700EBE0F0 /* ViewOffsetsKey.swift */; };
		AD7369E328D7E59E00EBE0F0 /* ScrollViewContent.swift in Sources */ = {isa = PBXBuildFile; fileRef = AD7369E228D7E59E00EBE0F0 /* ScrollViewContent.swift */; };
		AD7369E628D7E65200EBE0F0 /* AnchorScrollView.swift in Sources */ = {isa = PBXBuildFile; fileRef = AD7369E528D7E65200EBE0F0 /* AnchorScrollView.swift */; };
		AD7369EB28D7E85D00EBE0F0 /* GetViewWidth.swift in Sources */ = {isa = PBXBuildFile; fileRef = AD7369EA28D7E85D00EBE0F0 /* GetViewWidth.swift */; };
		AD7369EE28D7E88100EBE0F0 /* WidthPreferenceKey.swift in Sources */ = {isa = PBXBuildFile; fileRef = AD7369ED28D7E88100EBE0F0 /* WidthPreferenceKey.swift */; };
		AD7369F228D919F800EBE0F0 /* FoodItemRowView.swift in Sources */ = {isa = PBXBuildFile; fileRef = AD7369F128D919F800EBE0F0 /* FoodItemRowView.swift */; };
		AD7369F628D91C7C00EBE0F0 /* BreakfastItemList.swift in Sources */ = {isa = PBXBuildFile; fileRef = AD7369F528D91C7C00EBE0F0 /* BreakfastItemList.swift */; };
		AD7369F928D9236700EBE0F0 /* FastFoodItemList.swift in Sources */ = {isa = PBXBuildFile; fileRef = AD7369F828D9236700EBE0F0 /* FastFoodItemList.swift */; };
		AD7369FC28D925B900EBE0F0 /* PizzaItemList.swift in Sources */ = {isa = PBXBuildFile; fileRef = AD7369FB28D925B900EBE0F0 /* PizzaItemList.swift */; };
		AD7369FF28D9267500EBE0F0 /* Food.swift in Sources */ = {isa = PBXBuildFile; fileRef = AD7369FE28D9267500EBE0F0 /* Food.swift */; };
/* End PBXBuildFile section */

/* Begin PBXFileReference section */
		AD7369BA28D78F5500EBE0F0 /* AnchorScrollViewApp.swift */ = {isa = PBXFileReference; lastKnownFileType = sourcecode.swift; path = AnchorScrollViewApp.swift; sourceTree = "<group>"; };
		AD7369BB28D78F5500EBE0F0 /* ContentView.swift */ = {isa = PBXFileReference; lastKnownFileType = sourcecode.swift; path = ContentView.swift; sourceTree = "<group>"; };
		AD7369BC28D78F5700EBE0F0 /* Assets.xcassets */ = {isa = PBXFileReference; lastKnownFileType = folder.assetcatalog; path = Assets.xcassets; sourceTree = "<group>"; };
		AD7369C128D78F5700EBE0F0 /* AnchorScrollView.app */ = {isa = PBXFileReference; explicitFileType = wrapper.application; includeInIndex = 0; path = AnchorScrollView.app; sourceTree = BUILT_PRODUCTS_DIR; };
		AD7369D828D7E05B00EBE0F0 /* AnchorScrollViewContainerBuilder.swift */ = {isa = PBXFileReference; lastKnownFileType = sourcecode.swift; path = AnchorScrollViewContainerBuilder.swift; sourceTree = "<group>"; };
		AD7369DB28D7E0FD00EBE0F0 /* ScrollViewContainerBuilder.swift */ = {isa = PBXFileReference; lastKnownFileType = sourcecode.swift; path = ScrollViewContainerBuilder.swift; sourceTree = "<group>"; };
		AD7369DE28D7E19700EBE0F0 /* ViewOffsetsKey.swift */ = {isa = PBXFileReference; lastKnownFileType = sourcecode.swift; path = ViewOffsetsKey.swift; sourceTree = "<group>"; };
		AD7369E228D7E59E00EBE0F0 /* ScrollViewContent.swift */ = {isa = PBXFileReference; lastKnownFileType = sourcecode.swift; path = ScrollViewContent.swift; sourceTree = "<group>"; };
		AD7369E528D7E65200EBE0F0 /* AnchorScrollView.swift */ = {isa = PBXFileReference; lastKnownFileType = sourcecode.swift; path = AnchorScrollView.swift; sourceTree = "<group>"; };
		AD7369EA28D7E85D00EBE0F0 /* GetViewWidth.swift */ = {isa = PBXFileReference; lastKnownFileType = sourcecode.swift; path = GetViewWidth.swift; sourceTree = "<group>"; };
		AD7369ED28D7E88100EBE0F0 /* WidthPreferenceKey.swift */ = {isa = PBXFileReference; lastKnownFileType = sourcecode.swift; path = WidthPreferenceKey.swift; sourceTree = "<group>"; };
		AD7369F128D919F800EBE0F0 /* FoodItemRowView.swift */ = {isa = PBXFileReference; lastKnownFileType = sourcecode.swift; path = FoodItemRowView.swift; sourceTree = "<group>"; };
		AD7369F528D91C7C00EBE0F0 /* BreakfastItemList.swift */ = {isa = PBXFileReference; lastKnownFileType = sourcecode.swift; path = BreakfastItemList.swift; sourceTree = "<group>"; };
		AD7369F828D9236700EBE0F0 /* FastFoodItemList.swift */ = {isa = PBXFileReference; lastKnownFileType = sourcecode.swift; path = FastFoodItemList.swift; sourceTree = "<group>"; };
		AD7369FB28D925B900EBE0F0 /* PizzaItemList.swift */ = {isa = PBXFileReference; lastKnownFileType = sourcecode.swift; path = PizzaItemList.swift; sourceTree = "<group>"; };
		AD7369FE28D9267500EBE0F0 /* Food.swift */ = {isa = PBXFileReference; lastKnownFileType = sourcecode.swift; path = Food.swift; sourceTree = "<group>"; };
/* End PBXFileReference section */

/* Begin PBXFrameworksBuildPhase section */
		AD7369BE28D78F5700EBE0F0 /* Frameworks */ = {
			isa = PBXFrameworksBuildPhase;
			buildActionMask = 2147483647;
			files = (
			);
			runOnlyForDeploymentPostprocessing = 0;
		};
/* End PBXFrameworksBuildPhase section */

/* Begin PBXGroup section */
		AD7369B428D78F5500EBE0F0 = {
			isa = PBXGroup;
			children = (
				AD7369B928D78F5500EBE0F0 /* Shared */,
				AD7369C228D78F5700EBE0F0 /* Products */,
			);
			sourceTree = "<group>";
		};
		AD7369B928D78F5500EBE0F0 /* Shared */ = {
			isa = PBXGroup;
			children = (
				AD7369F028D919DF00EBE0F0 /* ExampleView */,
				AD7369E128D7E58700EBE0F0 /* AnchorScrollView */,
				AD7369BA28D78F5500EBE0F0 /* AnchorScrollViewApp.swift */,
				AD7369BB28D78F5500EBE0F0 /* ContentView.swift */,
				AD7369BC28D78F5700EBE0F0 /* Assets.xcassets */,
			);
			path = Shared;
			sourceTree = "<group>";
		};
		AD7369C228D78F5700EBE0F0 /* Products */ = {
			isa = PBXGroup;
			children = (
				AD7369C128D78F5700EBE0F0 /* AnchorScrollView.app */,
			);
			name = Products;
			sourceTree = "<group>";
		};
		AD7369E128D7E58700EBE0F0 /* AnchorScrollView */ = {
			isa = PBXGroup;
			children = (
				AD7369E928D7E80400EBE0F0 /* View + Extension */,
				AD7369E828D7E7EC00EBE0F0 /* PreferenceKey */,
				AD7369D828D7E05B00EBE0F0 /* AnchorScrollViewContainerBuilder.swift */,
				AD7369E528D7E65200EBE0F0 /* AnchorScrollView.swift */,
				AD7369E228D7E59E00EBE0F0 /* ScrollViewContent.swift */,
				AD7369DB28D7E0FD00EBE0F0 /* ScrollViewContainerBuilder.swift */,
			);
			path = AnchorScrollView;
			sourceTree = "<group>";
		};
		AD7369E828D7E7EC00EBE0F0 /* PreferenceKey */ = {
			isa = PBXGroup;
			children = (
				AD7369DE28D7E19700EBE0F0 /* ViewOffsetsKey.swift */,
				AD7369ED28D7E88100EBE0F0 /* WidthPreferenceKey.swift */,
			);
			path = PreferenceKey;
			sourceTree = "<group>";
		};
		AD7369E928D7E80400EBE0F0 /* View + Extension */ = {
			isa = PBXGroup;
			children = (
				AD7369EA28D7E85D00EBE0F0 /* GetViewWidth.swift */,
			);
			path = "View + Extension";
			sourceTree = "<group>";
		};
		AD7369F028D919DF00EBE0F0 /* ExampleView */ = {
			isa = PBXGroup;
			children = (
				AD736A0128D9268B00EBE0F0 /* Model */,
				AD7369F428D91C4D00EBE0F0 /* DummyFoodListView */,
			);
			path = ExampleView;
			sourceTree = "<group>";
		};
		AD7369F428D91C4D00EBE0F0 /* DummyFoodListView */ = {
			isa = PBXGroup;
			children = (
				AD7369F128D919F800EBE0F0 /* FoodItemRowView.swift */,
				AD7369F528D91C7C00EBE0F0 /* BreakfastItemList.swift */,
				AD7369F828D9236700EBE0F0 /* FastFoodItemList.swift */,
				AD7369FB28D925B900EBE0F0 /* PizzaItemList.swift */,
			);
			path = DummyFoodListView;
			sourceTree = "<group>";
		};
		AD736A0128D9268B00EBE0F0 /* Model */ = {
			isa = PBXGroup;
			children = (
				AD7369FE28D9267500EBE0F0 /* Food.swift */,
			);
			path = Model;
			sourceTree = "<group>";
		};
/* End PBXGroup section */

/* Begin PBXNativeTarget section */
		AD7369C028D78F5700EBE0F0 /* AnchorScrollView (iOS) */ = {
			isa = PBXNativeTarget;
			buildConfigurationList = AD7369D228D78F5700EBE0F0 /* Build configuration list for PBXNativeTarget "AnchorScrollView (iOS)" */;
			buildPhases = (
				AD7369BD28D78F5700EBE0F0 /* Sources */,
				AD7369BE28D78F5700EBE0F0 /* Frameworks */,
				AD7369BF28D78F5700EBE0F0 /* Resources */,
			);
			buildRules = (
			);
			dependencies = (
			);
			name = "AnchorScrollView (iOS)";
			productName = "AnchorScrollView (iOS)";
			productReference = AD7369C128D78F5700EBE0F0 /* AnchorScrollView.app */;
			productType = "com.apple.product-type.application";
		};
/* End PBXNativeTarget section */

/* Begin PBXProject section */
		AD7369B528D78F5500EBE0F0 /* Project object */ = {
			isa = PBXProject;
			attributes = {
				BuildIndependentTargetsInParallel = 1;
				LastSwiftUpdateCheck = 1340;
				LastUpgradeCheck = 1340;
				TargetAttributes = {
					AD7369C028D78F5700EBE0F0 = {
						CreatedOnToolsVersion = 13.4.1;
					};
				};
			};
			buildConfigurationList = AD7369B828D78F5500EBE0F0 /* Build configuration list for PBXProject "AnchorScrollView" */;
			compatibilityVersion = "Xcode 13.0";
			developmentRegion = en;
			hasScannedForEncodings = 0;
			knownRegions = (
				en,
				Base,
			);
			mainGroup = AD7369B428D78F5500EBE0F0;
			productRefGroup = AD7369C228D78F5700EBE0F0 /* Products */;
			projectDirPath = "";
			projectRoot = "";
			targets = (
				AD7369C028D78F5700EBE0F0 /* AnchorScrollView (iOS) */,
			);
		};
/* End PBXProject section */

/* Begin PBXResourcesBuildPhase section */
		AD7369BF28D78F5700EBE0F0 /* Resources */ = {
			isa = PBXResourcesBuildPhase;
			buildActionMask = 2147483647;
			files = (
				AD7369CE28D78F5700EBE0F0 /* Assets.xcassets in Resources */,
			);
			runOnlyForDeploymentPostprocessing = 0;
		};
/* End PBXResourcesBuildPhase section */

/* Begin PBXSourcesBuildPhase section */
		AD7369BD28D78F5700EBE0F0 /* Sources */ = {
			isa = PBXSourcesBuildPhase;
			buildActionMask = 2147483647;
			files = (
				AD7369EB28D7E85D00EBE0F0 /* GetViewWidth.swift in Sources */,
				AD7369DF28D7E19700EBE0F0 /* ViewOffsetsKey.swift in Sources */,
				AD7369F928D9236700EBE0F0 /* FastFoodItemList.swift in Sources */,
				AD7369E328D7E59E00EBE0F0 /* ScrollViewContent.swift in Sources */,
				AD7369CC28D78F5700EBE0F0 /* ContentView.swift in Sources */,
				AD7369CA28D78F5700EBE0F0 /* AnchorScrollViewApp.swift in Sources */,
				AD7369EE28D7E88100EBE0F0 /* WidthPreferenceKey.swift in Sources */,
				AD7369FF28D9267500EBE0F0 /* Food.swift in Sources */,
				AD7369F228D919F800EBE0F0 /* FoodItemRowView.swift in Sources */,
				AD7369DC28D7E0FD00EBE0F0 /* ScrollViewContainerBuilder.swift in Sources */,
				AD7369F628D91C7C00EBE0F0 /* BreakfastItemList.swift in Sources */,
				AD7369E628D7E65200EBE0F0 /* AnchorScrollView.swift in Sources */,
				AD7369FC28D925B900EBE0F0 /* PizzaItemList.swift in Sources */,
				AD7369D928D7E05B00EBE0F0 /* AnchorScrollViewContainerBuilder.swift in Sources */,
			);
			runOnlyForDeploymentPostprocessing = 0;
		};
/* End PBXSourcesBuildPhase section */

/* Begin XCBuildConfiguration section */
		AD7369D028D78F5700EBE0F0 /* Debug */ = {
			isa = XCBuildConfiguration;
			buildSettings = {
				ALWAYS_SEARCH_USER_PATHS = NO;
				CLANG_ANALYZER_NONNULL = YES;
				CLANG_ANALYZER_NUMBER_OBJECT_CONVERSION = YES_AGGRESSIVE;
				CLANG_CXX_LANGUAGE_STANDARD = "gnu++17";
				CLANG_ENABLE_MODULES = YES;
				CLANG_ENABLE_OBJC_ARC = YES;
				CLANG_ENABLE_OBJC_WEAK = YES;
				CLANG_WARN_BLOCK_CAPTURE_AUTORELEASING = YES;
				CLANG_WARN_BOOL_CONVERSION = YES;
				CLANG_WARN_COMMA = YES;
				CLANG_WARN_CONSTANT_CONVERSION = YES;
				CLANG_WARN_DEPRECATED_OBJC_IMPLEMENTATIONS = YES;
				CLANG_WARN_DIRECT_OBJC_ISA_USAGE = YES_ERROR;
				CLANG_WARN_DOCUMENTATION_COMMENTS = YES;
				CLANG_WARN_EMPTY_BODY = YES;
				CLANG_WARN_ENUM_CONVERSION = YES;
				CLANG_WARN_INFINITE_RECURSION = YES;
				CLANG_WARN_INT_CONVERSION = YES;
				CLANG_WARN_NON_LITERAL_NULL_CONVERSION = YES;
				CLANG_WARN_OBJC_IMPLICIT_RETAIN_SELF = YES;
				CLANG_WARN_OBJC_LITERAL_CONVERSION = YES;
				CLANG_WARN_OBJC_ROOT_CLASS = YES_ERROR;
				CLANG_WARN_QUOTED_INCLUDE_IN_FRAMEWORK_HEADER = YES;
				CLANG_WARN_RANGE_LOOP_ANALYSIS = YES;
				CLANG_WARN_STRICT_PROTOTYPES = YES;
				CLANG_WARN_SUSPICIOUS_MOVE = YES;
				CLANG_WARN_UNGUARDED_AVAILABILITY = YES_AGGRESSIVE;
				CLANG_WARN_UNREACHABLE_CODE = YES;
				CLANG_WARN__DUPLICATE_METHOD_MATCH = YES;
				COPY_PHASE_STRIP = NO;
				DEBUG_INFORMATION_FORMAT = dwarf;
				ENABLE_STRICT_OBJC_MSGSEND = YES;
				ENABLE_TESTABILITY = YES;
				GCC_C_LANGUAGE_STANDARD = gnu11;
				GCC_DYNAMIC_NO_PIC = NO;
				GCC_NO_COMMON_BLOCKS = YES;
				GCC_OPTIMIZATION_LEVEL = 0;
				GCC_PREPROCESSOR_DEFINITIONS = (
					"DEBUG=1",
					"$(inherited)",
				);
				GCC_WARN_64_TO_32_BIT_CONVERSION = YES;
				GCC_WARN_ABOUT_RETURN_TYPE = YES_ERROR;
				GCC_WARN_UNDECLARED_SELECTOR = YES;
				GCC_WARN_UNINITIALIZED_AUTOS = YES_AGGRESSIVE;
				GCC_WARN_UNUSED_FUNCTION = YES;
				GCC_WARN_UNUSED_VARIABLE = YES;
				MTL_ENABLE_DEBUG_INFO = INCLUDE_SOURCE;
				MTL_FAST_MATH = YES;
				ONLY_ACTIVE_ARCH = YES;
				SWIFT_ACTIVE_COMPILATION_CONDITIONS = DEBUG;
				SWIFT_OPTIMIZATION_LEVEL = "-Onone";
			};
			name = Debug;
		};
		AD7369D128D78F5700EBE0F0 /* Release */ = {
			isa = XCBuildConfiguration;
			buildSettings = {
				ALWAYS_SEARCH_USER_PATHS = NO;
				CLANG_ANALYZER_NONNULL = YES;
				CLANG_ANALYZER_NUMBER_OBJECT_CONVERSION = YES_AGGRESSIVE;
				CLANG_CXX_LANGUAGE_STANDARD = "gnu++17";
				CLANG_ENABLE_MODULES = YES;
				CLANG_ENABLE_OBJC_ARC = YES;
				CLANG_ENABLE_OBJC_WEAK = YES;
				CLANG_WARN_BLOCK_CAPTURE_AUTORELEASING = YES;
				CLANG_WARN_BOOL_CONVERSION = YES;
				CLANG_WARN_COMMA = YES;
				CLANG_WARN_CONSTANT_CONVERSION = YES;
				CLANG_WARN_DEPRECATED_OBJC_IMPLEMENTATIONS = YES;
				CLANG_WARN_DIRECT_OBJC_ISA_USAGE = YES_ERROR;
				CLANG_WARN_DOCUMENTATION_COMMENTS = YES;
				CLANG_WARN_EMPTY_BODY = YES;
				CLANG_WARN_ENUM_CONVERSION = YES;
				CLANG_WARN_INFINITE_RECURSION = YES;
				CLANG_WARN_INT_CONVERSION = YES;
				CLANG_WARN_NON_LITERAL_NULL_CONVERSION = YES;
				CLANG_WARN_OBJC_IMPLICIT_RETAIN_SELF = YES;
				CLANG_WARN_OBJC_LITERAL_CONVERSION = YES;
				CLANG_WARN_OBJC_ROOT_CLASS = YES_ERROR;
				CLANG_WARN_QUOTED_INCLUDE_IN_FRAMEWORK_HEADER = YES;
				CLANG_WARN_RANGE_LOOP_ANALYSIS = YES;
				CLANG_WARN_STRICT_PROTOTYPES = YES;
				CLANG_WARN_SUSPICIOUS_MOVE = YES;
				CLANG_WARN_UNGUARDED_AVAILABILITY = YES_AGGRESSIVE;
				CLANG_WARN_UNREACHABLE_CODE = YES;
				CLANG_WARN__DUPLICATE_METHOD_MATCH = YES;
				COPY_PHASE_STRIP = NO;
				DEBUG_INFORMATION_FORMAT = "dwarf-with-dsym";
				ENABLE_NS_ASSERTIONS = NO;
				ENABLE_STRICT_OBJC_MSGSEND = YES;
				GCC_C_LANGUAGE_STANDARD = gnu11;
				GCC_NO_COMMON_BLOCKS = YES;
				GCC_WARN_64_TO_32_BIT_CONVERSION = YES;
				GCC_WARN_ABOUT_RETURN_TYPE = YES_ERROR;
				GCC_WARN_UNDECLARED_SELECTOR = YES;
				GCC_WARN_UNINITIALIZED_AUTOS = YES_AGGRESSIVE;
				GCC_WARN_UNUSED_FUNCTION = YES;
				GCC_WARN_UNUSED_VARIABLE = YES;
				MTL_ENABLE_DEBUG_INFO = NO;
				MTL_FAST_MATH = YES;
				SWIFT_COMPILATION_MODE = wholemodule;
				SWIFT_OPTIMIZATION_LEVEL = "-O";
			};
			name = Release;
		};
		AD7369D328D78F5700EBE0F0 /* Debug */ = {
			isa = XCBuildConfiguration;
			buildSettings = {
				ASSETCATALOG_COMPILER_APPICON_NAME = AppIcon;
				ASSETCATALOG_COMPILER_GLOBAL_ACCENT_COLOR_NAME = AccentColor;
				CODE_SIGN_STYLE = Automatic;
				CURRENT_PROJECT_VERSION = 1;
				DEVELOPMENT_TEAM = 9S84Q43P56;
				ENABLE_PREVIEWS = YES;
				GENERATE_INFOPLIST_FILE = YES;
				INFOPLIST_KEY_UIApplicationSceneManifest_Generation = YES;
				INFOPLIST_KEY_UIApplicationSupportsIndirectInputEvents = YES;
				INFOPLIST_KEY_UILaunchScreen_Generation = YES;
				INFOPLIST_KEY_UISupportedInterfaceOrientations_iPad = "UIInterfaceOrientationPortrait UIInterfaceOrientationPortraitUpsideDown UIInterfaceOrientationLandscapeLeft UIInterfaceOrientationLandscapeRight";
				INFOPLIST_KEY_UISupportedInterfaceOrientations_iPhone = "UIInterfaceOrientationPortrait UIInterfaceOrientationLandscapeLeft UIInterfaceOrientationLandscapeRight";
				IPHONEOS_DEPLOYMENT_TARGET = 15.5;
				LD_RUNPATH_SEARCH_PATHS = (
					"$(inherited)",
					"@executable_path/Frameworks",
				);
				MARKETING_VERSION = 1.0;
				PRODUCT_BUNDLE_IDENTIFIER = "hung-chun.tsai.AnchorScrollView";
				PRODUCT_NAME = AnchorScrollView;
				SDKROOT = iphoneos;
				SWIFT_EMIT_LOC_STRINGS = YES;
				SWIFT_VERSION = 5.0;
				TARGETED_DEVICE_FAMILY = "1,2";
			};
			name = Debug;
		};
		AD7369D428D78F5700EBE0F0 /* Release */ = {
			isa = XCBuildConfiguration;
			buildSettings = {
				ASSETCATALOG_COMPILER_APPICON_NAME = AppIcon;
				ASSETCATALOG_COMPILER_GLOBAL_ACCENT_COLOR_NAME = AccentColor;
				CODE_SIGN_STYLE = Automatic;
				CURRENT_PROJECT_VERSION = 1;
				DEVELOPMENT_TEAM = 9S84Q43P56;
				ENABLE_PREVIEWS = YES;
				GENERATE_INFOPLIST_FILE = YES;
				INFOPLIST_KEY_UIApplicationSceneManifest_Generation = YES;
				INFOPLIST_KEY_UIApplicationSupportsIndirectInputEvents = YES;
				INFOPLIST_KEY_UILaunchScreen_Generation = YES;
				INFOPLIST_KEY_UISupportedInterfaceOrientations_iPad = "UIInterfaceOrientationPortrait UIInterfaceOrientationPortraitUpsideDown UIInterfaceOrientationLandscapeLeft UIInterfaceOrientationLandscapeRight";
				INFOPLIST_KEY_UISupportedInterfaceOrientations_iPhone = "UIInterfaceOrientationPortrait UIInterfaceOrientationLandscapeLeft UIInterfaceOrientationLandscapeRight";
				IPHONEOS_DEPLOYMENT_TARGET = 15.5;
				LD_RUNPATH_SEARCH_PATHS = (
					"$(inherited)",
					"@executable_path/Frameworks",
				);
				MARKETING_VERSION = 1.0;
				PRODUCT_BUNDLE_IDENTIFIER = "hung-chun.tsai.AnchorScrollView";
				PRODUCT_NAME = AnchorScrollView;
				SDKROOT = iphoneos;
				SWIFT_EMIT_LOC_STRINGS = YES;
				SWIFT_VERSION = 5.0;
				TARGETED_DEVICE_FAMILY = "1,2";
				VALIDATE_PRODUCT = YES;
			};
			name = Release;
		};
/* End XCBuildConfiguration section */

/* Begin XCConfigurationList section */
		AD7369B828D78F5500EBE0F0 /* Build configuration list for PBXProject "AnchorScrollView" */ = {
			isa = XCConfigurationList;
			buildConfigurations = (
				AD7369D028D78F5700EBE0F0 /* Debug */,
				AD7369D128D78F5700EBE0F0 /* Release */,
			);
			defaultConfigurationIsVisible = 0;
			defaultConfigurationName = Release;
		};
		AD7369D228D78F5700EBE0F0 /* Build configuration list for PBXNativeTarget "AnchorScrollView (iOS)" */ = {
			isa = XCConfigurationList;
			buildConfigurations = (
				AD7369D328D78F5700EBE0F0 /* Debug */,
				AD7369D428D78F5700EBE0F0 /* Release */,
			);
			defaultConfigurationIsVisible = 0;
			defaultConfigurationName = Release;
		};
/* End XCConfigurationList section */
	};
	rootObject = AD7369B528D78F5500EBE0F0 /* Project object */;
}
